Microsoft Visual Studio Solution File, Format Version 11.00
# Visual Studio 2008

Project("{87D0EFDC-A85C-4DFB-1007-1E5E04E4C033}") = "Computile", "Assembly-CSharp.csproj", "{B33B9CCB-91ED-0D38-08CA-FFE56F43CD92}"
EndProject
Global
	GlobalSection(SolutionConfigurationPlatforms) = preSolution
		Debug|Any CPU = Debug|Any CPU
		Release|Any CPU = Release|Any CPU
	EndGlobalSection
	GlobalSection(ProjectConfigurationPlatforms) = postSolution
		{B33B9CCB-91ED-0D38-08CA-FFE56F43CD92}.Debug|Any CPU.ActiveCfg = Debug|Any CPU
		{B33B9CCB-91ED-0D38-08CA-FFE56F43CD92}.Debug|Any CPU.Build.0 = Debug|Any CPU
		{B33B9CCB-91ED-0D38-08CA-FFE56F43CD92}.Release|Any CPU.ActiveCfg = Release|Any CPU
		{B33B9CCB-91ED-0D38-08CA-FFE56F43CD92}.Release|Any CPU.Build.0 = Release|Any CPU
	EndGlobalSection
	GlobalSection(SolutionProperties) = preSolution
		HideSolutionNode = FALSE
	EndGlobalSection
	GlobalSection(MonoDevelopProperties) = preSolution
		StartupItem = Assembly-CSharp.csproj
	EndGlobalSection
EndGlobal
